
Microsoft Visual Studio Solution File, Format Version 12.00
# Visual Studio Version 17
VisualStudioVersion = 17.8.34408.163
MinimumVisualStudioVersion = 10.0.40219.1
Project("{FAE04EC0-301F-11D3-BF4B-00C04F79EFBC}") = "Algortima Soruları Ödev1", "Algortima Soruları Ödev1.csproj", "{8FB2B28B-8E4F-430C-9102-6BF61EBE3122}"
EndProject
Global
	GlobalSection(SolutionConfigurationPlatforms) = preSolution
		Debug|Any CPU = Debug|Any CPU
		Release|Any CPU = Release|Any CPU
	EndGlobalSection
	GlobalSection(ProjectConfigurationPlatforms) = postSolution
		{8FB2B28B-8E4F-430C-9102-6BF61EBE3122}.Debug|Any CPU.ActiveCfg = Debug|Any CPU
		{8FB2B28B-8E4F-430C-9102-6BF61EBE3122}.Debug|Any CPU.Build.0 = Debug|Any CPU
		{8FB2B28B-8E4F-430C-9102-6BF61EBE3122}.Release|Any CPU.ActiveCfg = Release|Any CPU
		{8FB2B28B-8E4F-430C-9102-6BF61EBE3122}.Release|Any CPU.Build.0 = Release|Any CPU
	EndGlobalSection
	GlobalSection(SolutionProperties) = preSolution
		HideSolutionNode = FALSE
	EndGlobalSection
	GlobalSection(ExtensibilityGlobals) = postSolution
		SolutionGuid = {EA4EFF1F-1695-4C41-907A-0A74BC31D318}
	EndGlobalSection
EndGlobal
