
Microsoft Visual Studio Solution File, Format Version 12.00
# Visual Studio Version 17
VisualStudioVersion = 17.8.34408.163
MinimumVisualStudioVersion = 10.0.40219.1
Project("{FAE04EC0-301F-11D3-BF4B-00C04F79EFBC}") = "Metotlar 2 Overloading", "Metotlar 2 Overloading.csproj", "{134C4525-6DC3-4BB5-82EF-9DF4FFC80884}"
EndProject
Global
	GlobalSection(SolutionConfigurationPlatforms) = preSolution
		Debug|Any CPU = Debug|Any CPU
		Release|Any CPU = Release|Any CPU
	EndGlobalSection
	GlobalSection(ProjectConfigurationPlatforms) = postSolution
		{134C4525-6DC3-4BB5-82EF-9DF4FFC80884}.Debug|Any CPU.ActiveCfg = Debug|Any CPU
		{134C4525-6DC3-4BB5-82EF-9DF4FFC80884}.Debug|Any CPU.Build.0 = Debug|Any CPU
		{134C4525-6DC3-4BB5-82EF-9DF4FFC80884}.Release|Any CPU.ActiveCfg = Release|Any CPU
		{134C4525-6DC3-4BB5-82EF-9DF4FFC80884}.Release|Any CPU.Build.0 = Release|Any CPU
	EndGlobalSection
	GlobalSection(SolutionProperties) = preSolution
		HideSolutionNode = FALSE
	EndGlobalSection
	GlobalSection(ExtensibilityGlobals) = postSolution
		SolutionGuid = {61996449-F01A-438D-BF60-6FCD8515D9C1}
	EndGlobalSection
EndGlobal
