
Microsoft Visual Studio Solution File, Format Version 12.00
# Visual Studio Version 17
VisualStudioVersion = 17.8.34330.188
MinimumVisualStudioVersion = 10.0.40219.1
Project("{FAE04EC0-301F-11D3-BF4B-00C04F79EFBC}") = "Degiskenler ve Veri tipleri", "Degiskenler ve Veri tipleri.csproj", "{DAAD0282-94EB-4E4C-B6FC-F91CA6466291}"
EndProject
Global
	GlobalSection(SolutionConfigurationPlatforms) = preSolution
		Debug|Any CPU = Debug|Any CPU
		Release|Any CPU = Release|Any CPU
	EndGlobalSection
	GlobalSection(ProjectConfigurationPlatforms) = postSolution
		{DAAD0282-94EB-4E4C-B6FC-F91CA6466291}.Debug|Any CPU.ActiveCfg = Debug|Any CPU
		{DAAD0282-94EB-4E4C-B6FC-F91CA6466291}.Debug|Any CPU.Build.0 = Debug|Any CPU
		{DAAD0282-94EB-4E4C-B6FC-F91CA6466291}.Release|Any CPU.ActiveCfg = Release|Any CPU
		{DAAD0282-94EB-4E4C-B6FC-F91CA6466291}.Release|Any CPU.Build.0 = Release|Any CPU
	EndGlobalSection
	GlobalSection(SolutionProperties) = preSolution
		HideSolutionNode = FALSE
	EndGlobalSection
	GlobalSection(ExtensibilityGlobals) = postSolution
		SolutionGuid = {9EC4BB29-BD38-4E5A-B7FE-7486D259F28A}
	EndGlobalSection
EndGlobal
