
Microsoft Visual Studio Solution File, Format Version 12.00
# Visual Studio Version 17
VisualStudioVersion = 17.8.34408.163
MinimumVisualStudioVersion = 10.0.40219.1
Project("{FAE04EC0-301F-11D3-BF4B-00C04F79EFBC}") = "Diziler", "Diziler.csproj", "{A81B1CF9-1EFA-42B9-A320-95523C2E6044}"
EndProject
Global
	GlobalSection(SolutionConfigurationPlatforms) = preSolution
		Debug|Any CPU = Debug|Any CPU
		Release|Any CPU = Release|Any CPU
	EndGlobalSection
	GlobalSection(ProjectConfigurationPlatforms) = postSolution
		{A81B1CF9-1EFA-42B9-A320-95523C2E6044}.Debug|Any CPU.ActiveCfg = Debug|Any CPU
		{A81B1CF9-1EFA-42B9-A320-95523C2E6044}.Debug|Any CPU.Build.0 = Debug|Any CPU
		{A81B1CF9-1EFA-42B9-A320-95523C2E6044}.Release|Any CPU.ActiveCfg = Release|Any CPU
		{A81B1CF9-1EFA-42B9-A320-95523C2E6044}.Release|Any CPU.Build.0 = Release|Any CPU
	EndGlobalSection
	GlobalSection(SolutionProperties) = preSolution
		HideSolutionNode = FALSE
	EndGlobalSection
	GlobalSection(ExtensibilityGlobals) = postSolution
		SolutionGuid = {DA30EC4F-D4B7-4103-9EDB-0124B3C5B118}
	EndGlobalSection
EndGlobal
