
Microsoft Visual Studio Solution File, Format Version 12.00
# Visual Studio Version 17
VisualStudioVersion = 17.8.34408.163
MinimumVisualStudioVersion = 10.0.40219.1
Project("{FAE04EC0-301F-11D3-BF4B-00C04F79EFBC}") = "If Else Ternary If", "If Else Ternary If.csproj", "{5DB7C352-D93D-4427-B717-382150D5BEA6}"
EndProject
Global
	GlobalSection(SolutionConfigurationPlatforms) = preSolution
		Debug|Any CPU = Debug|Any CPU
		Release|Any CPU = Release|Any CPU
	EndGlobalSection
	GlobalSection(ProjectConfigurationPlatforms) = postSolution
		{5DB7C352-D93D-4427-B717-382150D5BEA6}.Debug|Any CPU.ActiveCfg = Debug|Any CPU
		{5DB7C352-D93D-4427-B717-382150D5BEA6}.Debug|Any CPU.Build.0 = Debug|Any CPU
		{5DB7C352-D93D-4427-B717-382150D5BEA6}.Release|Any CPU.ActiveCfg = Release|Any CPU
		{5DB7C352-D93D-4427-B717-382150D5BEA6}.Release|Any CPU.Build.0 = Release|Any CPU
	EndGlobalSection
	GlobalSection(SolutionProperties) = preSolution
		HideSolutionNode = FALSE
	EndGlobalSection
	GlobalSection(ExtensibilityGlobals) = postSolution
		SolutionGuid = {61BA6959-4B52-4B25-87CC-6D0A897D2A38}
	EndGlobalSection
EndGlobal
